{
  "name": "addevent",
  "version": "1.0.0",
  "lockfileVersion": 1,
  "requires": true,
  "dependencies": {
    "faker": {
      "version": "5.5.1",
      "resolved": "https://registry.npmjs.org/faker/-/faker-5.5.1.tgz",
      "integrity": "sha512-JCFXcVesClQ6RlSWmBMFQmGDAZq6hjbJAFgKALx31uPaQC6p3SWT2ojaJGD8bMQri+8VNqDOkI2F8QC+ABvZng=="
    },
    "uuid": {
      "version": "8.3.2",
      "resolved": "https://registry.npmjs.org/uuid/-/uuid-8.3.2.tgz",
      "integrity": "sha512-+NYs2QeMWy+GWFOEm9xnn6HCDp0l7QBD7ml8zLUmJ+93Q5NF0NocErnwkTkXVFNiX3/fpC6afS8Dhb/gz7R7eg=="
    }
  }
}
